// !$*UTF8*$!
{
	archiveVersion = 1;
	classes = {
	};
	objectVersion = 56;
	objects = {

/* Begin PBXBuildFile section */
		1351697129C8A16800170969 /* KoodosApp.swift in Sources */ = {isa = PBXBuildFile; fileRef = 1351697029C8A16800170969 /* KoodosApp.swift */; };
		1351697329C8A16800170969 /* ContentView.swift in Sources */ = {isa = PBXBuildFile; fileRef = 1351697229C8A16800170969 /* ContentView.swift */; };
		1351697529C8A16900170969 /* Assets.xcassets in Resources */ = {isa = PBXBuildFile; fileRef = 1351697429C8A16900170969 /* Assets.xcassets */; };
		1351697829C8A16900170969 /* Preview Assets.xcassets in Resources */ = {isa = PBXBuildFile; fileRef = 1351697729C8A16900170969 /* Preview Assets.xcassets */; };
		1351697F29C8A32B00170969 /* KudosCardEditorScreen.swift in Sources */ = {isa = PBXBuildFile; fileRef = 1351697E29C8A32B00170969 /* KudosCardEditorScreen.swift */; };
		135FAD4129C973F3000368CB /* CGAffineTransform+scale.swift in Sources */ = {isa = PBXBuildFile; fileRef = 135FAD4029C973F3000368CB /* CGAffineTransform+scale.swift */; };
		135FAD6429CC1A34000368CB /* CardColor.swift in Sources */ = {isa = PBXBuildFile; fileRef = 135FAD6329CC1A34000368CB /* CardColor.swift */; };
		135FAD6629CC2D77000368CB /* UIColor+Colors.swift in Sources */ = {isa = PBXBuildFile; fileRef = 135FAD6529CC2D77000368CB /* UIColor+Colors.swift */; };
		135FAD6829CC5B6A000368CB /* UIFont+rounded.swift in Sources */ = {isa = PBXBuildFile; fileRef = 135FAD6729CC5B6A000368CB /* UIFont+rounded.swift */; };
		135FAD6A29CC9396000368CB /* Card.swift in Sources */ = {isa = PBXBuildFile; fileRef = 135FAD6929CC9396000368CB /* Card.swift */; };
		135FAD6C29CD720E000368CB /* UIImage+isEqualToImage.swift in Sources */ = {isa = PBXBuildFile; fileRef = 135FAD6B29CD720E000368CB /* UIImage+isEqualToImage.swift */; };
		135FAD6E29CD7643000368CB /* UIImage+assetName.swift in Sources */ = {isa = PBXBuildFile; fileRef = 135FAD6D29CD7643000368CB /* UIImage+assetName.swift */; };
		135FAD7029CD9203000368CB /* RenderImage.swift in Sources */ = {isa = PBXBuildFile; fileRef = 135FAD6F29CD9203000368CB /* RenderImage.swift */; };
/* End PBXBuildFile section */

/* Begin PBXFileReference section */
		1351696D29C8A16800170969 /* Koodos.app */ = {isa = PBXFileReference; explicitFileType = wrapper.application; includeInIndex = 0; path = Koodos.app; sourceTree = BUILT_PRODUCTS_DIR; };
		1351697029C8A16800170969 /* KoodosApp.swift */ = {isa = PBXFileReference; lastKnownFileType = sourcecode.swift; path = KoodosApp.swift; sourceTree = "<group>"; };
		1351697229C8A16800170969 /* ContentView.swift */ = {isa = PBXFileReference; lastKnownFileType = sourcecode.swift; path = ContentView.swift; sourceTree = "<group>"; };
		1351697429C8A16900170969 /* Assets.xcassets */ = {isa = PBXFileReference; lastKnownFileType = folder.assetcatalog; path = Assets.xcassets; sourceTree = "<group>"; };
		1351697729C8A16900170969 /* Preview Assets.xcassets */ = {isa = PBXFileReference; lastKnownFileType = folder.assetcatalog; path = "Preview Assets.xcassets"; sourceTree = "<group>"; };
		1351697E29C8A32B00170969 /* KudosCardEditorScreen.swift */ = {isa = PBXFileReference; lastKnownFileType = sourcecode.swift; path = KudosCardEditorScreen.swift; sourceTree = "<group>"; };
		135FAD4029C973F3000368CB /* CGAffineTransform+scale.swift */ = {isa = PBXFileReference; lastKnownFileType = sourcecode.swift; path = "CGAffineTransform+scale.swift"; sourceTree = "<group>"; };
		135FAD6329CC1A34000368CB /* CardColor.swift */ = {isa = PBXFileReference; lastKnownFileType = sourcecode.swift; path = CardColor.swift; sourceTree = "<group>"; };
		135FAD6529CC2D77000368CB /* UIColor+Colors.swift */ = {isa = PBXFileReference; lastKnownFileType = sourcecode.swift; path = "UIColor+Colors.swift"; sourceTree = "<group>"; };
		135FAD6729CC5B6A000368CB /* UIFont+rounded.swift */ = {isa = PBXFileReference; lastKnownFileType = sourcecode.swift; path = "UIFont+rounded.swift"; sourceTree = "<group>"; };
		135FAD6929CC9396000368CB /* Card.swift */ = {isa = PBXFileReference; lastKnownFileType = sourcecode.swift; path = Card.swift; sourceTree = "<group>"; };
		135FAD6B29CD720E000368CB /* UIImage+isEqualToImage.swift */ = {isa = PBXFileReference; lastKnownFileType = sourcecode.swift; path = "UIImage+isEqualToImage.swift"; sourceTree = "<group>"; };
		135FAD6D29CD7643000368CB /* UIImage+assetName.swift */ = {isa = PBXFileReference; lastKnownFileType = sourcecode.swift; path = "UIImage+assetName.swift"; sourceTree = "<group>"; };
		135FAD6F29CD9203000368CB /* RenderImage.swift */ = {isa = PBXFileReference; lastKnownFileType = sourcecode.swift; path = RenderImage.swift; sourceTree = "<group>"; };
/* End PBXFileReference section */

/* Begin PBXFrameworksBuildPhase section */
		1351696A29C8A16800170969 /* Frameworks */ = {
			isa = PBXFrameworksBuildPhase;
			buildActionMask = 2147483647;
			files = (
			);
			runOnlyForDeploymentPostprocessing = 0;
		};
/* End PBXFrameworksBuildPhase section */

/* Begin PBXGroup section */
		1351696429C8A16800170969 = {
			isa = PBXGroup;
			children = (
				1351696F29C8A16800170969 /* Koodos */,
				1351696E29C8A16800170969 /* Products */,
			);
			sourceTree = "<group>";
		};
		1351696E29C8A16800170969 /* Products */ = {
			isa = PBXGroup;
			children = (
				1351696D29C8A16800170969 /* Koodos.app */,
			);
			name = Products;
			sourceTree = "<group>";
		};
		1351696F29C8A16800170969 /* Koodos */ = {
			isa = PBXGroup;
			children = (
				1351697029C8A16800170969 /* KoodosApp.swift */,
				1351697229C8A16800170969 /* ContentView.swift */,
				1351698029C8A34B00170969 /* KudosEditor */,
				135FAD6229CC1A1C000368CB /* Models */,
				135FAD3F29C973CC000368CB /* Helpers */,
				1351697429C8A16900170969 /* Assets.xcassets */,
				1351697629C8A16900170969 /* Preview Content */,
			);
			path = Koodos;
			sourceTree = "<group>";
		};
		1351697629C8A16900170969 /* Preview Content */ = {
			isa = PBXGroup;
			children = (
				1351697729C8A16900170969 /* Preview Assets.xcassets */,
			);
			path = "Preview Content";
			sourceTree = "<group>";
		};
		1351698029C8A34B00170969 /* KudosEditor */ = {
			isa = PBXGroup;
			children = (
				1351697E29C8A32B00170969 /* KudosCardEditorScreen.swift */,
				135FAD6F29CD9203000368CB /* RenderImage.swift */,
			);
			path = KudosEditor;
			sourceTree = "<group>";
		};
		135FAD3F29C973CC000368CB /* Helpers */ = {
			isa = PBXGroup;
			children = (
				135FAD4029C973F3000368CB /* CGAffineTransform+scale.swift */,
				135FAD6529CC2D77000368CB /* UIColor+Colors.swift */,
				135FAD6729CC5B6A000368CB /* UIFont+rounded.swift */,
				135FAD6B29CD720E000368CB /* UIImage+isEqualToImage.swift */,
				135FAD6D29CD7643000368CB /* UIImage+assetName.swift */,
			);
			path = Helpers;
			sourceTree = "<group>";
		};
		135FAD6229CC1A1C000368CB /* Models */ = {
			isa = PBXGroup;
			children = (
				135FAD6329CC1A34000368CB /* CardColor.swift */,
				135FAD6929CC9396000368CB /* Card.swift */,
			);
			path = Models;
			sourceTree = "<group>";
		};
/* End PBXGroup section */

/* Begin PBXNativeTarget section */
		1351696C29C8A16800170969 /* Koodos */ = {
			isa = PBXNativeTarget;
			buildConfigurationList = 1351697B29C8A16900170969 /* Build configuration list for PBXNativeTarget "Koodos" */;
			buildPhases = (
				1351696929C8A16800170969 /* Sources */,
				1351696A29C8A16800170969 /* Frameworks */,
				1351696B29C8A16800170969 /* Resources */,
			);
			buildRules = (
			);
			dependencies = (
			);
			name = Koodos;
			productName = Koodos;
			productReference = 1351696D29C8A16800170969 /* Koodos.app */;
			productType = "com.apple.product-type.application";
		};
/* End PBXNativeTarget section */

/* Begin PBXProject section */
		1351696529C8A16800170969 /* Project object */ = {
			isa = PBXProject;
			attributes = {
				BuildIndependentTargetsInParallel = 1;
				LastSwiftUpdateCheck = 1420;
				LastUpgradeCheck = 1420;
				TargetAttributes = {
					1351696C29C8A16800170969 = {
						CreatedOnToolsVersion = 14.2;
					};
				};
			};
			buildConfigurationList = 1351696829C8A16800170969 /* Build configuration list for PBXProject "Koodos" */;
			compatibilityVersion = "Xcode 14.0";
			developmentRegion = en;
			hasScannedForEncodings = 0;
			knownRegions = (
				en,
				Base,
			);
			mainGroup = 1351696429C8A16800170969;
			productRefGroup = 1351696E29C8A16800170969 /* Products */;
			projectDirPath = "";
			projectRoot = "";
			targets = (
				1351696C29C8A16800170969 /* Koodos */,
			);
		};
/* End PBXProject section */

/* Begin PBXResourcesBuildPhase section */
		1351696B29C8A16800170969 /* Resources */ = {
			isa = PBXResourcesBuildPhase;
			buildActionMask = 2147483647;
			files = (
				1351697829C8A16900170969 /* Preview Assets.xcassets in Resources */,
				1351697529C8A16900170969 /* Assets.xcassets in Resources */,
			);
			runOnlyForDeploymentPostprocessing = 0;
		};
/* End PBXResourcesBuildPhase section */

/* Begin PBXSourcesBuildPhase section */
		1351696929C8A16800170969 /* Sources */ = {
			isa = PBXSourcesBuildPhase;
			buildActionMask = 2147483647;
			files = (
				135FAD7029CD9203000368CB /* RenderImage.swift in Sources */,
				135FAD6829CC5B6A000368CB /* UIFont+rounded.swift in Sources */,
				1351697F29C8A32B00170969 /* KudosCardEditorScreen.swift in Sources */,
				135FAD6629CC2D77000368CB /* UIColor+Colors.swift in Sources */,
				1351697329C8A16800170969 /* ContentView.swift in Sources */,
				135FAD6C29CD720E000368CB /* UIImage+isEqualToImage.swift in Sources */,
				135FAD6429CC1A34000368CB /* CardColor.swift in Sources */,
				135FAD4129C973F3000368CB /* CGAffineTransform+scale.swift in Sources */,
				135FAD6E29CD7643000368CB /* UIImage+assetName.swift in Sources */,
				1351697129C8A16800170969 /* KoodosApp.swift in Sources */,
				135FAD6A29CC9396000368CB /* Card.swift in Sources */,
			);
			runOnlyForDeploymentPostprocessing = 0;
		};
/* End PBXSourcesBuildPhase section */

/* Begin XCBuildConfiguration section */
		1351697929C8A16900170969 /* Debug */ = {
			isa = XCBuildConfiguration;
			buildSettings = {
				ALWAYS_SEARCH_USER_PATHS = NO;
				CLANG_ANALYZER_NONNULL = YES;
				CLANG_ANALYZER_NUMBER_OBJECT_CONVERSION = YES_AGGRESSIVE;
				CLANG_CXX_LANGUAGE_STANDARD = "gnu++20";
				CLANG_ENABLE_MODULES = YES;
				CLANG_ENABLE_OBJC_ARC = YES;
				CLANG_ENABLE_OBJC_WEAK = YES;
				CLANG_WARN_BLOCK_CAPTURE_AUTORELEASING = YES;
				CLANG_WARN_BOOL_CONVERSION = YES;
				CLANG_WARN_COMMA = YES;
				CLANG_WARN_CONSTANT_CONVERSION = YES;
				CLANG_WARN_DEPRECATED_OBJC_IMPLEMENTATIONS = YES;
				CLANG_WARN_DIRECT_OBJC_ISA_USAGE = YES_ERROR;
				CLANG_WARN_DOCUMENTATION_COMMENTS = YES;
				CLANG_WARN_EMPTY_BODY = YES;
				CLANG_WARN_ENUM_CONVERSION = YES;
				CLANG_WARN_INFINITE_RECURSION = YES;
				CLANG_WARN_INT_CONVERSION = YES;
				CLANG_WARN_NON_LITERAL_NULL_CONVERSION = YES;
				CLANG_WARN_OBJC_IMPLICIT_RETAIN_SELF = YES;
				CLANG_WARN_OBJC_LITERAL_CONVERSION = YES;
				CLANG_WARN_OBJC_ROOT_CLASS = YES_ERROR;
				CLANG_WARN_QUOTED_INCLUDE_IN_FRAMEWORK_HEADER = YES;
				CLANG_WARN_RANGE_LOOP_ANALYSIS = YES;
				CLANG_WARN_STRICT_PROTOTYPES = YES;
				CLANG_WARN_SUSPICIOUS_MOVE = YES;
				CLANG_WARN_UNGUARDED_AVAILABILITY = YES_AGGRESSIVE;
				CLANG_WARN_UNREACHABLE_CODE = YES;
				CLANG_WARN__DUPLICATE_METHOD_MATCH = YES;
				COPY_PHASE_STRIP = NO;
				DEBUG_INFORMATION_FORMAT = dwarf;
				ENABLE_STRICT_OBJC_MSGSEND = YES;
				ENABLE_TESTABILITY = YES;
				GCC_C_LANGUAGE_STANDARD = gnu11;
				GCC_DYNAMIC_NO_PIC = NO;
				GCC_NO_COMMON_BLOCKS = YES;
				GCC_OPTIMIZATION_LEVEL = 0;
				GCC_PREPROCESSOR_DEFINITIONS = (
					"DEBUG=1",
					"$(inherited)",
				);
				GCC_WARN_64_TO_32_BIT_CONVERSION = YES;
				GCC_WARN_ABOUT_RETURN_TYPE = YES_ERROR;
				GCC_WARN_UNDECLARED_SELECTOR = YES;
				GCC_WARN_UNINITIALIZED_AUTOS = YES_AGGRESSIVE;
				GCC_WARN_UNUSED_FUNCTION = YES;
				GCC_WARN_UNUSED_VARIABLE = YES;
				IPHONEOS_DEPLOYMENT_TARGET = 16.2;
				MTL_ENABLE_DEBUG_INFO = INCLUDE_SOURCE;
				MTL_FAST_MATH = YES;
				ONLY_ACTIVE_ARCH = YES;
				SDKROOT = iphoneos;
				SWIFT_ACTIVE_COMPILATION_CONDITIONS = DEBUG;
				SWIFT_OPTIMIZATION_LEVEL = "-Onone";
			};
			name = Debug;
		};
		1351697A29C8A16900170969 /* Release */ = {
			isa = XCBuildConfiguration;
			buildSettings = {
				ALWAYS_SEARCH_USER_PATHS = NO;
				CLANG_ANALYZER_NONNULL = YES;
				CLANG_ANALYZER_NUMBER_OBJECT_CONVERSION = YES_AGGRESSIVE;
				CLANG_CXX_LANGUAGE_STANDARD = "gnu++20";
				CLANG_ENABLE_MODULES = YES;
				CLANG_ENABLE_OBJC_ARC = YES;
				CLANG_ENABLE_OBJC_WEAK = YES;
				CLANG_WARN_BLOCK_CAPTURE_AUTORELEASING = YES;
				CLANG_WARN_BOOL_CONVERSION = YES;
				CLANG_WARN_COMMA = YES;
				CLANG_WARN_CONSTANT_CONVERSION = YES;
				CLANG_WARN_DEPRECATED_OBJC_IMPLEMENTATIONS = YES;
				CLANG_WARN_DIRECT_OBJC_ISA_USAGE = YES_ERROR;
				CLANG_WARN_DOCUMENTATION_COMMENTS = YES;
				CLANG_WARN_EMPTY_BODY = YES;
				CLANG_WARN_ENUM_CONVERSION = YES;
				CLANG_WARN_INFINITE_RECURSION = YES;
				CLANG_WARN_INT_CONVERSION = YES;
				CLANG_WARN_NON_LITERAL_NULL_CONVERSION = YES;
				CLANG_WARN_OBJC_IMPLICIT_RETAIN_SELF = YES;
				CLANG_WARN_OBJC_LITERAL_CONVERSION = YES;
				CLANG_WARN_OBJC_ROOT_CLASS = YES_ERROR;
				CLANG_WARN_QUOTED_INCLUDE_IN_FRAMEWORK_HEADER = YES;
				CLANG_WARN_RANGE_LOOP_ANALYSIS = YES;
				CLANG_WARN_STRICT_PROTOTYPES = YES;
				CLANG_WARN_SUSPICIOUS_MOVE = YES;
				CLANG_WARN_UNGUARDED_AVAILABILITY = YES_AGGRESSIVE;
				CLANG_WARN_UNREACHABLE_CODE = YES;
				CLANG_WARN__DUPLICATE_METHOD_MATCH = YES;
				COPY_PHASE_STRIP = NO;
				DEBUG_INFORMATION_FORMAT = "dwarf-with-dsym";
				ENABLE_NS_ASSERTIONS = NO;
				ENABLE_STRICT_OBJC_MSGSEND = YES;
				GCC_C_LANGUAGE_STANDARD = gnu11;
				GCC_NO_COMMON_BLOCKS = YES;
				GCC_WARN_64_TO_32_BIT_CONVERSION = YES;
				GCC_WARN_ABOUT_RETURN_TYPE = YES_ERROR;
				GCC_WARN_UNDECLARED_SELECTOR = YES;
				GCC_WARN_UNINITIALIZED_AUTOS = YES_AGGRESSIVE;
				GCC_WARN_UNUSED_FUNCTION = YES;
				GCC_WARN_UNUSED_VARIABLE = YES;
				IPHONEOS_DEPLOYMENT_TARGET = 16.2;
				MTL_ENABLE_DEBUG_INFO = NO;
				MTL_FAST_MATH = YES;
				SDKROOT = iphoneos;
				SWIFT_COMPILATION_MODE = wholemodule;
				SWIFT_OPTIMIZATION_LEVEL = "-O";
				VALIDATE_PRODUCT = YES;
			};
			name = Release;
		};
		1351697C29C8A16900170969 /* Debug */ = {
			isa = XCBuildConfiguration;
			buildSettings = {
				ASSETCATALOG_COMPILER_APPICON_NAME = AppIcon;
				ASSETCATALOG_COMPILER_GLOBAL_ACCENT_COLOR_NAME = AccentColor;
				CODE_SIGN_STYLE = Automatic;
				CURRENT_PROJECT_VERSION = 1;
				DEVELOPMENT_ASSET_PATHS = "\"Koodos/Preview Content\"";
				DEVELOPMENT_TEAM = H9PJ7U2A6K;
				ENABLE_PREVIEWS = YES;
				GENERATE_INFOPLIST_FILE = YES;
				INFOPLIST_KEY_UIApplicationSceneManifest_Generation = YES;
				INFOPLIST_KEY_UIApplicationSupportsIndirectInputEvents = YES;
				INFOPLIST_KEY_UILaunchScreen_Generation = YES;
				INFOPLIST_KEY_UISupportedInterfaceOrientations_iPad = "UIInterfaceOrientationPortrait UIInterfaceOrientationPortraitUpsideDown UIInterfaceOrientationLandscapeLeft UIInterfaceOrientationLandscapeRight";
				INFOPLIST_KEY_UISupportedInterfaceOrientations_iPhone = "UIInterfaceOrientationPortrait UIInterfaceOrientationLandscapeLeft UIInterfaceOrientationLandscapeRight";
				LD_RUNPATH_SEARCH_PATHS = (
					"$(inherited)",
					"@executable_path/Frameworks",
				);
				MARKETING_VERSION = 1.0;
				PRODUCT_BUNDLE_IDENTIFIER = com.ashidiqi.Koodos;
				PRODUCT_NAME = "$(TARGET_NAME)";
				SWIFT_EMIT_LOC_STRINGS = YES;
				SWIFT_VERSION = 5.0;
				TARGETED_DEVICE_FAMILY = "1,2";
			};
			name = Debug;
		};
		1351697D29C8A16900170969 /* Release */ = {
			isa = XCBuildConfiguration;
			buildSettings = {
				ASSETCATALOG_COMPILER_APPICON_NAME = AppIcon;
				ASSETCATALOG_COMPILER_GLOBAL_ACCENT_COLOR_NAME = AccentColor;
				CODE_SIGN_STYLE = Automatic;
				CURRENT_PROJECT_VERSION = 1;
				DEVELOPMENT_ASSET_PATHS = "\"Koodos/Preview Content\"";
				DEVELOPMENT_TEAM = H9PJ7U2A6K;
				ENABLE_PREVIEWS = YES;
				GENERATE_INFOPLIST_FILE = YES;
				INFOPLIST_KEY_UIApplicationSceneManifest_Generation = YES;
				INFOPLIST_KEY_UIApplicationSupportsIndirectInputEvents = YES;
				INFOPLIST_KEY_UILaunchScreen_Generation = YES;
				INFOPLIST_KEY_UISupportedInterfaceOrientations_iPad = "UIInterfaceOrientationPortrait UIInterfaceOrientationPortraitUpsideDown UIInterfaceOrientationLandscapeLeft UIInterfaceOrientationLandscapeRight";
				INFOPLIST_KEY_UISupportedInterfaceOrientations_iPhone = "UIInterfaceOrientationPortrait UIInterfaceOrientationLandscapeLeft UIInterfaceOrientationLandscapeRight";
				LD_RUNPATH_SEARCH_PATHS = (
					"$(inherited)",
					"@executable_path/Frameworks",
				);
				MARKETING_VERSION = 1.0;
				PRODUCT_BUNDLE_IDENTIFIER = com.ashidiqi.Koodos;
				PRODUCT_NAME = "$(TARGET_NAME)";
				SWIFT_EMIT_LOC_STRINGS = YES;
				SWIFT_VERSION = 5.0;
				TARGETED_DEVICE_FAMILY = "1,2";
			};
			name = Release;
		};
/* End XCBuildConfiguration section */

/* Begin XCConfigurationList section */
		1351696829C8A16800170969 /* Build configuration list for PBXProject "Koodos" */ = {
			isa = XCConfigurationList;
			buildConfigurations = (
				1351697929C8A16900170969 /* Debug */,
				1351697A29C8A16900170969 /* Release */,
			);
			defaultConfigurationIsVisible = 0;
			defaultConfigurationName = Release;
		};
		1351697B29C8A16900170969 /* Build configuration list for PBXNativeTarget "Koodos" */ = {
			isa = XCConfigurationList;
			buildConfigurations = (
				1351697C29C8A16900170969 /* Debug */,
				1351697D29C8A16900170969 /* Release */,
			);
			defaultConfigurationIsVisible = 0;
			defaultConfigurationName = Release;
		};
/* End XCConfigurationList section */
	};
	rootObject = 1351696529C8A16800170969 /* Project object */;
}
